
Microsoft Visual Studio Solution File, Format Version 12.00
# Visual Studio 15
VisualStudioVersion = 15.0.28307.1300
MinimumVisualStudioVersion = 10.0.40219.1
Project("{FAE04EC0-301F-11D3-BF4B-00C04F79EFBC}") = "MyDictionary", "MyDictionary\MyDictionary.csproj", "{44A1C688-FC66-4C3B-A8DF-4E1AC7E5A80A}"
EndProject
Global
	GlobalSection(SolutionConfigurationPlatforms) = preSolution
		Debug|Any CPU = Debug|Any CPU
		Release|Any CPU = Release|Any CPU
	EndGlobalSection
	GlobalSection(ProjectConfigurationPlatforms) = postSolution
		{44A1C688-FC66-4C3B-A8DF-4E1AC7E5A80A}.Debug|Any CPU.ActiveCfg = Debug|Any CPU
		{44A1C688-FC66-4C3B-A8DF-4E1AC7E5A80A}.Debug|Any CPU.Build.0 = Debug|Any CPU
		{44A1C688-FC66-4C3B-A8DF-4E1AC7E5A80A}.Release|Any CPU.ActiveCfg = Release|Any CPU
		{44A1C688-FC66-4C3B-A8DF-4E1AC7E5A80A}.Release|Any CPU.Build.0 = Release|Any CPU
	EndGlobalSection
	GlobalSection(SolutionProperties) = preSolution
		HideSolutionNode = FALSE
	EndGlobalSection
	GlobalSection(ExtensibilityGlobals) = postSolution
		SolutionGuid = {1E30A665-F889-409C-89C5-004A9511E2A7}
	EndGlobalSection
EndGlobal
